
Microsoft Visual Studio Solution File, Format Version 12.00
# Visual Studio Version 17
VisualStudioVersion = 17.13.35913.81 d17.13
MinimumVisualStudioVersion = 10.0.40219.1
Project("{FAE04EC0-301F-11D3-BF4B-00C04F79EFBC}") = "NotDefteriPlusMVC", "NotDefteriPlusMVC\NotDefteriPlusMVC.csproj", "{560577F0-36C9-485A-9E24-2C3D6DC63544}"
EndProject
Global
	GlobalSection(SolutionConfigurationPlatforms) = preSolution
		Debug|Any CPU = Debug|Any CPU
		Release|Any CPU = Release|Any CPU
	EndGlobalSection
	GlobalSection(ProjectConfigurationPlatforms) = postSolution
		{560577F0-36C9-485A-9E24-2C3D6DC63544}.Debug|Any CPU.ActiveCfg = Debug|Any CPU
		{560577F0-36C9-485A-9E24-2C3D6DC63544}.Debug|Any CPU.Build.0 = Debug|Any CPU
		{560577F0-36C9-485A-9E24-2C3D6DC63544}.Release|Any CPU.ActiveCfg = Release|Any CPU
		{560577F0-36C9-485A-9E24-2C3D6DC63544}.Release|Any CPU.Build.0 = Release|Any CPU
	EndGlobalSection
	GlobalSection(SolutionProperties) = preSolution
		HideSolutionNode = FALSE
	EndGlobalSection
	GlobalSection(ExtensibilityGlobals) = postSolution
		SolutionGuid = {B2EA3DCE-96B5-42A6-8940-FCB652AEEE4D}
	EndGlobalSection
EndGlobal
